
Microsoft Visual Studio Solution File, Format Version 12.00
# Visual Studio Version 16
VisualStudioVersion = 16.0.28315.86
MinimumVisualStudioVersion = 15.0.26124.0
Project("{9A19103F-16F7-4668-BE54-9A1E7A4F7556}") = "simulated-device", "simulated-device\simulated-device.csproj", "{C22BD1F5-D8A7-452A-96C4-FF0C0553EBF3}"
EndProject
Project("{151D2E53-A2C4-4D7D-83FE-D05416EBD58E}") = "ProvisioningProject", "ProvisioningProject\ProvisioningProject.deployproj", "{A36CA445-D8BC-4690-913D-F66212B4E80A}"
EndProject
Project("{FAE04EC0-301F-11D3-BF4B-00C04F79EFBC}") = "ConfigUpdater", "ConfigUpdater\ConfigUpdater.csproj", "{254CE524-7B25-4DEB-A0D2-0A92001D2ED8}"
EndProject
Project("{9A19103F-16F7-4668-BE54-9A1E7A4F7556}") = "Read-D2C-Func", "Read-D2C-Func\Read-D2C-Func.csproj", "{CB5B111C-7430-4C60-BEE5-095F26F6A242}"
EndProject
Project("{2150E333-8FDC-42A3-9474-1A3956D46DE8}") = "CustomAnalyzers", "CustomAnalyzers", "{D4776223-0687-4858-9B11-6FBA151A8F42}"
EndProject
Project("{9A19103F-16F7-4668-BE54-9A1E7A4F7556}") = "CommentAnalyzer", "CustomAnalysers\CommentAnalyzer\CommentAnalyzer\CommentAnalyzer.csproj", "{42A08C78-602C-488A-A341-C2D479FEC514}"
EndProject
Project("{9A19103F-16F7-4668-BE54-9A1E7A4F7556}") = "UsingAnalyzer", "CustomAnalysers\UsingAnalyzer\UsingAnalyzer\UsingAnalyzer.csproj", "{E170848C-C826-445E-9D85-173B5BAADC7D}"
EndProject
Project("{9A19103F-16F7-4668-BE54-9A1E7A4F7556}") = "AttributeAnalyzer", "CustomAnalysers\AttributeAnalyzer\AttributeAnalyzer\AttributeAnalyzer.csproj", "{65B12F2A-65E1-4E2B-B84F-CF70B1918A33}"
EndProject
Project("{FAE04EC0-301F-11D3-BF4B-00C04F79EFBC}") = "AttributeAnalyzer.Vsix", "CustomAnalysers\AttributeAnalyzer\AttributeAnalyzer.Vsix\AttributeAnalyzer.Vsix.csproj", "{4C1FDE34-610C-4C76-8CDF-EF5B461C0BE3}"
EndProject
Project("{FAE04EC0-301F-11D3-BF4B-00C04F79EFBC}") = "CommentAnalyzer.Vsix", "CustomAnalysers\CommentAnalyzer\CommentAnalyzer.Vsix\CommentAnalyzer.Vsix.csproj", "{9501D380-AB9F-4C06-AB9D-3293EB2C9A64}"
EndProject
Project("{FAE04EC0-301F-11D3-BF4B-00C04F79EFBC}") = "UsingAnalyzer.Vsix", "CustomAnalysers\UsingAnalyzer\UsingAnalyzer.Vsix\UsingAnalyzer.Vsix.csproj", "{6439C62B-9C83-452E-86E4-0A666091B195}"
EndProject
Global
	GlobalSection(SolutionConfigurationPlatforms) = preSolution
		Debug|Any CPU = Debug|Any CPU
		Debug|x64 = Debug|x64
		Debug|x86 = Debug|x86
		Release|Any CPU = Release|Any CPU
		Release|x64 = Release|x64
		Release|x86 = Release|x86
	EndGlobalSection
	GlobalSection(ProjectConfigurationPlatforms) = postSolution
		{C22BD1F5-D8A7-452A-96C4-FF0C0553EBF3}.Debug|Any CPU.ActiveCfg = Debug|Any CPU
		{C22BD1F5-D8A7-452A-96C4-FF0C0553EBF3}.Debug|Any CPU.Build.0 = Debug|Any CPU
		{C22BD1F5-D8A7-452A-96C4-FF0C0553EBF3}.Debug|x64.ActiveCfg = Debug|Any CPU
		{C22BD1F5-D8A7-452A-96C4-FF0C0553EBF3}.Debug|x64.Build.0 = Debug|Any CPU
		{C22BD1F5-D8A7-452A-96C4-FF0C0553EBF3}.Debug|x86.ActiveCfg = Debug|Any CPU
		{C22BD1F5-D8A7-452A-96C4-FF0C0553EBF3}.Debug|x86.Build.0 = Debug|Any CPU
		{C22BD1F5-D8A7-452A-96C4-FF0C0553EBF3}.Release|Any CPU.ActiveCfg = Release|Any CPU
		{C22BD1F5-D8A7-452A-96C4-FF0C0553EBF3}.Release|Any CPU.Build.0 = Release|Any CPU
		{C22BD1F5-D8A7-452A-96C4-FF0C0553EBF3}.Release|x64.ActiveCfg = Release|Any CPU
		{C22BD1F5-D8A7-452A-96C4-FF0C0553EBF3}.Release|x64.Build.0 = Release|Any CPU
		{C22BD1F5-D8A7-452A-96C4-FF0C0553EBF3}.Release|x86.ActiveCfg = Release|Any CPU
		{C22BD1F5-D8A7-452A-96C4-FF0C0553EBF3}.Release|x86.Build.0 = Release|Any CPU
		{A36CA445-D8BC-4690-913D-F66212B4E80A}.Debug|Any CPU.ActiveCfg = Debug|Any CPU
		{A36CA445-D8BC-4690-913D-F66212B4E80A}.Debug|Any CPU.Build.0 = Debug|Any CPU
		{A36CA445-D8BC-4690-913D-F66212B4E80A}.Debug|x64.ActiveCfg = Debug|Any CPU
		{A36CA445-D8BC-4690-913D-F66212B4E80A}.Debug|x64.Build.0 = Debug|Any CPU
		{A36CA445-D8BC-4690-913D-F66212B4E80A}.Debug|x86.ActiveCfg = Debug|Any CPU
		{A36CA445-D8BC-4690-913D-F66212B4E80A}.Debug|x86.Build.0 = Debug|Any CPU
		{A36CA445-D8BC-4690-913D-F66212B4E80A}.Release|Any CPU.ActiveCfg = Release|Any CPU
		{A36CA445-D8BC-4690-913D-F66212B4E80A}.Release|Any CPU.Build.0 = Release|Any CPU
		{A36CA445-D8BC-4690-913D-F66212B4E80A}.Release|x64.ActiveCfg = Release|Any CPU
		{A36CA445-D8BC-4690-913D-F66212B4E80A}.Release|x64.Build.0 = Release|Any CPU
		{A36CA445-D8BC-4690-913D-F66212B4E80A}.Release|x86.ActiveCfg = Release|Any CPU
		{A36CA445-D8BC-4690-913D-F66212B4E80A}.Release|x86.Build.0 = Release|Any CPU
		{254CE524-7B25-4DEB-A0D2-0A92001D2ED8}.Debug|Any CPU.ActiveCfg = Debug|Any CPU
		{254CE524-7B25-4DEB-A0D2-0A92001D2ED8}.Debug|Any CPU.Build.0 = Debug|Any CPU
		{254CE524-7B25-4DEB-A0D2-0A92001D2ED8}.Debug|x64.ActiveCfg = Debug|Any CPU
		{254CE524-7B25-4DEB-A0D2-0A92001D2ED8}.Debug|x64.Build.0 = Debug|Any CPU
		{254CE524-7B25-4DEB-A0D2-0A92001D2ED8}.Debug|x86.ActiveCfg = Debug|Any CPU
		{254CE524-7B25-4DEB-A0D2-0A92001D2ED8}.Debug|x86.Build.0 = Debug|Any CPU
		{254CE524-7B25-4DEB-A0D2-0A92001D2ED8}.Release|Any CPU.ActiveCfg = Release|Any CPU
		{254CE524-7B25-4DEB-A0D2-0A92001D2ED8}.Release|Any CPU.Build.0 = Release|Any CPU
		{254CE524-7B25-4DEB-A0D2-0A92001D2ED8}.Release|x64.ActiveCfg = Release|Any CPU
		{254CE524-7B25-4DEB-A0D2-0A92001D2ED8}.Release|x64.Build.0 = Release|Any CPU
		{254CE524-7B25-4DEB-A0D2-0A92001D2ED8}.Release|x86.ActiveCfg = Release|Any CPU
		{254CE524-7B25-4DEB-A0D2-0A92001D2ED8}.Release|x86.Build.0 = Release|Any CPU
		{CB5B111C-7430-4C60-BEE5-095F26F6A242}.Debug|Any CPU.ActiveCfg = Debug|Any CPU
		{CB5B111C-7430-4C60-BEE5-095F26F6A242}.Debug|Any CPU.Build.0 = Debug|Any CPU
		{CB5B111C-7430-4C60-BEE5-095F26F6A242}.Debug|x64.ActiveCfg = Debug|Any CPU
		{CB5B111C-7430-4C60-BEE5-095F26F6A242}.Debug|x64.Build.0 = Debug|Any CPU
		{CB5B111C-7430-4C60-BEE5-095F26F6A242}.Debug|x86.ActiveCfg = Debug|Any CPU
		{CB5B111C-7430-4C60-BEE5-095F26F6A242}.Debug|x86.Build.0 = Debug|Any CPU
		{CB5B111C-7430-4C60-BEE5-095F26F6A242}.Release|Any CPU.ActiveCfg = Release|Any CPU
		{CB5B111C-7430-4C60-BEE5-095F26F6A242}.Release|Any CPU.Build.0 = Release|Any CPU
		{CB5B111C-7430-4C60-BEE5-095F26F6A242}.Release|x64.ActiveCfg = Release|Any CPU
		{CB5B111C-7430-4C60-BEE5-095F26F6A242}.Release|x64.Build.0 = Release|Any CPU
		{CB5B111C-7430-4C60-BEE5-095F26F6A242}.Release|x86.ActiveCfg = Release|Any CPU
		{CB5B111C-7430-4C60-BEE5-095F26F6A242}.Release|x86.Build.0 = Release|Any CPU
		{42A08C78-602C-488A-A341-C2D479FEC514}.Debug|Any CPU.ActiveCfg = Debug|Any CPU
		{42A08C78-602C-488A-A341-C2D479FEC514}.Debug|Any CPU.Build.0 = Debug|Any CPU
		{42A08C78-602C-488A-A341-C2D479FEC514}.Debug|x64.ActiveCfg = Debug|Any CPU
		{42A08C78-602C-488A-A341-C2D479FEC514}.Debug|x64.Build.0 = Debug|Any CPU
		{42A08C78-602C-488A-A341-C2D479FEC514}.Debug|x86.ActiveCfg = Debug|Any CPU
		{42A08C78-602C-488A-A341-C2D479FEC514}.Debug|x86.Build.0 = Debug|Any CPU
		{42A08C78-602C-488A-A341-C2D479FEC514}.Release|Any CPU.ActiveCfg = Release|Any CPU
		{42A08C78-602C-488A-A341-C2D479FEC514}.Release|Any CPU.Build.0 = Release|Any CPU
		{42A08C78-602C-488A-A341-C2D479FEC514}.Release|x64.ActiveCfg = Release|Any CPU
		{42A08C78-602C-488A-A341-C2D479FEC514}.Release|x64.Build.0 = Release|Any CPU
		{42A08C78-602C-488A-A341-C2D479FEC514}.Release|x86.ActiveCfg = Release|Any CPU
		{42A08C78-602C-488A-A341-C2D479FEC514}.Release|x86.Build.0 = Release|Any CPU
		{E170848C-C826-445E-9D85-173B5BAADC7D}.Debug|Any CPU.ActiveCfg = Debug|Any CPU
		{E170848C-C826-445E-9D85-173B5BAADC7D}.Debug|Any CPU.Build.0 = Debug|Any CPU
		{E170848C-C826-445E-9D85-173B5BAADC7D}.Debug|x64.ActiveCfg = Debug|Any CPU
		{E170848C-C826-445E-9D85-173B5BAADC7D}.Debug|x64.Build.0 = Debug|Any CPU
		{E170848C-C826-445E-9D85-173B5BAADC7D}.Debug|x86.ActiveCfg = Debug|Any CPU
		{E170848C-C826-445E-9D85-173B5BAADC7D}.Debug|x86.Build.0 = Debug|Any CPU
		{E170848C-C826-445E-9D85-173B5BAADC7D}.Release|Any CPU.ActiveCfg = Release|Any CPU
		{E170848C-C826-445E-9D85-173B5BAADC7D}.Release|Any CPU.Build.0 = Release|Any CPU
		{E170848C-C826-445E-9D85-173B5BAADC7D}.Release|x64.ActiveCfg = Release|Any CPU
		{E170848C-C826-445E-9D85-173B5BAADC7D}.Release|x64.Build.0 = Release|Any CPU
		{E170848C-C826-445E-9D85-173B5BAADC7D}.Release|x86.ActiveCfg = Release|Any CPU
		{E170848C-C826-445E-9D85-173B5BAADC7D}.Release|x86.Build.0 = Release|Any CPU
		{65B12F2A-65E1-4E2B-B84F-CF70B1918A33}.Debug|Any CPU.ActiveCfg = Debug|Any CPU
		{65B12F2A-65E1-4E2B-B84F-CF70B1918A33}.Debug|Any CPU.Build.0 = Debug|Any CPU
		{65B12F2A-65E1-4E2B-B84F-CF70B1918A33}.Debug|x64.ActiveCfg = Debug|Any CPU
		{65B12F2A-65E1-4E2B-B84F-CF70B1918A33}.Debug|x64.Build.0 = Debug|Any CPU
		{65B12F2A-65E1-4E2B-B84F-CF70B1918A33}.Debug|x86.ActiveCfg = Debug|Any CPU
		{65B12F2A-65E1-4E2B-B84F-CF70B1918A33}.Debug|x86.Build.0 = Debug|Any CPU
		{65B12F2A-65E1-4E2B-B84F-CF70B1918A33}.Release|Any CPU.ActiveCfg = Release|Any CPU
		{65B12F2A-65E1-4E2B-B84F-CF70B1918A33}.Release|Any CPU.Build.0 = Release|Any CPU
		{65B12F2A-65E1-4E2B-B84F-CF70B1918A33}.Release|x64.ActiveCfg = Release|Any CPU
		{65B12F2A-65E1-4E2B-B84F-CF70B1918A33}.Release|x64.Build.0 = Release|Any CPU
		{65B12F2A-65E1-4E2B-B84F-CF70B1918A33}.Release|x86.ActiveCfg = Release|Any CPU
		{65B12F2A-65E1-4E2B-B84F-CF70B1918A33}.Release|x86.Build.0 = Release|Any CPU
		{4C1FDE34-610C-4C76-8CDF-EF5B461C0BE3}.Debug|Any CPU.ActiveCfg = Debug|Any CPU
		{4C1FDE34-610C-4C76-8CDF-EF5B461C0BE3}.Debug|Any CPU.Build.0 = Debug|Any CPU
		{4C1FDE34-610C-4C76-8CDF-EF5B461C0BE3}.Debug|x64.ActiveCfg = Debug|Any CPU
		{4C1FDE34-610C-4C76-8CDF-EF5B461C0BE3}.Debug|x64.Build.0 = Debug|Any CPU
		{4C1FDE34-610C-4C76-8CDF-EF5B461C0BE3}.Debug|x86.ActiveCfg = Debug|Any CPU
		{4C1FDE34-610C-4C76-8CDF-EF5B461C0BE3}.Debug|x86.Build.0 = Debug|Any CPU
		{4C1FDE34-610C-4C76-8CDF-EF5B461C0BE3}.Release|Any CPU.ActiveCfg = Release|Any CPU
		{4C1FDE34-610C-4C76-8CDF-EF5B461C0BE3}.Release|Any CPU.Build.0 = Release|Any CPU
		{4C1FDE34-610C-4C76-8CDF-EF5B461C0BE3}.Release|x64.ActiveCfg = Release|Any CPU
		{4C1FDE34-610C-4C76-8CDF-EF5B461C0BE3}.Release|x64.Build.0 = Release|Any CPU
		{4C1FDE34-610C-4C76-8CDF-EF5B461C0BE3}.Release|x86.ActiveCfg = Release|Any CPU
		{4C1FDE34-610C-4C76-8CDF-EF5B461C0BE3}.Release|x86.Build.0 = Release|Any CPU
		{9501D380-AB9F-4C06-AB9D-3293EB2C9A64}.Debug|Any CPU.ActiveCfg = Debug|Any CPU
		{9501D380-AB9F-4C06-AB9D-3293EB2C9A64}.Debug|Any CPU.Build.0 = Debug|Any CPU
		{9501D380-AB9F-4C06-AB9D-3293EB2C9A64}.Debug|x64.ActiveCfg = Debug|Any CPU
		{9501D380-AB9F-4C06-AB9D-3293EB2C9A64}.Debug|x64.Build.0 = Debug|Any CPU
		{9501D380-AB9F-4C06-AB9D-3293EB2C9A64}.Debug|x86.ActiveCfg = Debug|Any CPU
		{9501D380-AB9F-4C06-AB9D-3293EB2C9A64}.Debug|x86.Build.0 = Debug|Any CPU
		{9501D380-AB9F-4C06-AB9D-3293EB2C9A64}.Release|Any CPU.ActiveCfg = Release|Any CPU
		{9501D380-AB9F-4C06-AB9D-3293EB2C9A64}.Release|Any CPU.Build.0 = Release|Any CPU
		{9501D380-AB9F-4C06-AB9D-3293EB2C9A64}.Release|x64.ActiveCfg = Release|Any CPU
		{9501D380-AB9F-4C06-AB9D-3293EB2C9A64}.Release|x64.Build.0 = Release|Any CPU
		{9501D380-AB9F-4C06-AB9D-3293EB2C9A64}.Release|x86.ActiveCfg = Release|Any CPU
		{9501D380-AB9F-4C06-AB9D-3293EB2C9A64}.Release|x86.Build.0 = Release|Any CPU
		{6439C62B-9C83-452E-86E4-0A666091B195}.Debug|Any CPU.ActiveCfg = Debug|Any CPU
		{6439C62B-9C83-452E-86E4-0A666091B195}.Debug|Any CPU.Build.0 = Debug|Any CPU
		{6439C62B-9C83-452E-86E4-0A666091B195}.Debug|x64.ActiveCfg = Debug|Any CPU
		{6439C62B-9C83-452E-86E4-0A666091B195}.Debug|x64.Build.0 = Debug|Any CPU
		{6439C62B-9C83-452E-86E4-0A666091B195}.Debug|x86.ActiveCfg = Debug|Any CPU
		{6439C62B-9C83-452E-86E4-0A666091B195}.Debug|x86.Build.0 = Debug|Any CPU
		{6439C62B-9C83-452E-86E4-0A666091B195}.Release|Any CPU.ActiveCfg = Release|Any CPU
		{6439C62B-9C83-452E-86E4-0A666091B195}.Release|Any CPU.Build.0 = Release|Any CPU
		{6439C62B-9C83-452E-86E4-0A666091B195}.Release|x64.ActiveCfg = Release|Any CPU
		{6439C62B-9C83-452E-86E4-0A666091B195}.Release|x64.Build.0 = Release|Any CPU
		{6439C62B-9C83-452E-86E4-0A666091B195}.Release|x86.ActiveCfg = Release|Any CPU
		{6439C62B-9C83-452E-86E4-0A666091B195}.Release|x86.Build.0 = Release|Any CPU
	EndGlobalSection
	GlobalSection(SolutionProperties) = preSolution
		HideSolutionNode = FALSE
	EndGlobalSection
	GlobalSection(NestedProjects) = preSolution
		{42A08C78-602C-488A-A341-C2D479FEC514} = {D4776223-0687-4858-9B11-6FBA151A8F42}
		{E170848C-C826-445E-9D85-173B5BAADC7D} = {D4776223-0687-4858-9B11-6FBA151A8F42}
		{65B12F2A-65E1-4E2B-B84F-CF70B1918A33} = {D4776223-0687-4858-9B11-6FBA151A8F42}
		{4C1FDE34-610C-4C76-8CDF-EF5B461C0BE3} = {D4776223-0687-4858-9B11-6FBA151A8F42}
		{9501D380-AB9F-4C06-AB9D-3293EB2C9A64} = {D4776223-0687-4858-9B11-6FBA151A8F42}
		{6439C62B-9C83-452E-86E4-0A666091B195} = {D4776223-0687-4858-9B11-6FBA151A8F42}
	EndGlobalSection
	GlobalSection(ExtensibilityGlobals) = postSolution
		SolutionGuid = {E83CC1D4-2469-4C82-9C8A-F59DD210D51A}
	EndGlobalSection
EndGlobal
